
Microsoft Visual Studio Solution File, Format Version 12.00
# Visual Studio Version 16
VisualStudioVersion = 16.0.28922.388
MinimumVisualStudioVersion = 10.0.40219.1
Project("{FAE04EC0-301F-11D3-BF4B-00C04F79EFBC}") = "RevitApp", "RevitApp\RevitApp.csproj", "{43242DFE-04A7-43E0-A3A4-DB71C33DD042}"
EndProject
Global
	GlobalSection(SolutionConfigurationPlatforms) = preSolution
		Debug|Any CPU = Debug|Any CPU
		Release|Any CPU = Release|Any CPU
	EndGlobalSection
	GlobalSection(ProjectConfigurationPlatforms) = postSolution
		{43242DFE-04A7-43E0-A3A4-DB71C33DD042}.Debug|Any CPU.ActiveCfg = Debug|Any CPU
		{43242DFE-04A7-43E0-A3A4-DB71C33DD042}.Debug|Any CPU.Build.0 = Debug|Any CPU
		{43242DFE-04A7-43E0-A3A4-DB71C33DD042}.Release|Any CPU.ActiveCfg = Release|Any CPU
		{43242DFE-04A7-43E0-A3A4-DB71C33DD042}.Release|Any CPU.Build.0 = Release|Any CPU
	EndGlobalSection
	GlobalSection(SolutionProperties) = preSolution
		HideSolutionNode = FALSE
	EndGlobalSection
	GlobalSection(ExtensibilityGlobals) = postSolution
		SolutionGuid = {1BAE02C2-F5A7-4605-9561-00DC2897D380}
	EndGlobalSection
EndGlobal
